{
  "name": "rift-js-utils",
  "version": "0.4.0",
  "lockfileVersion": 2,
  "requires": true,
  "packages": {
    "": {
      "name": "rift-js-utils",
      "version": "0.4.0",
      "license": "MIT",
      "dependencies": {
        "preact": "^10.8.1"
      }
    },
    "node_modules/preact": {
      "version": "10.8.1",
      "resolved": "https://registry.npmjs.org/preact/-/preact-10.8.1.tgz",
      "integrity": "sha512-p5CKQ0MCEXTGKGOHiFaNE2V2nDq2hvDHykXvIlz+4lbfJ9umLZr8JS/fa1bXUwRcHXK+Ljk8zqmDhr25n0LtVg==",
      "funding": {
        "type": "opencollective",
        "url": "https://opencollective.com/preact"
      }
    }
  },
  "dependencies": {
    "preact": {
      "version": "10.8.1",
      "resolved": "https://registry.npmjs.org/preact/-/preact-10.8.1.tgz",
      "integrity": "sha512-p5CKQ0MCEXTGKGOHiFaNE2V2nDq2hvDHykXvIlz+4lbfJ9umLZr8JS/fa1bXUwRcHXK+Ljk8zqmDhr25n0LtVg=="
    }
  }
}
